
Microsoft Visual Studio Solution File, Format Version 12.00
# Visual Studio Version 17
VisualStudioVersion = 17.5.002.0
MinimumVisualStudioVersion = 10.0.40219.1
Project("{9A19103F-16F7-4668-BE54-9A1E7A4F7556}") = "MwTesting", "MwTesting.csproj", "{C2F3FB7E-B249-41D7-9511-810C28AC05E2}"
EndProject
Global
	GlobalSection(SolutionConfigurationPlatforms) = preSolution
		Debug|Any CPU = Debug|Any CPU
		Release|Any CPU = Release|Any CPU
	EndGlobalSection
	GlobalSection(ProjectConfigurationPlatforms) = postSolution
		{C2F3FB7E-B249-41D7-9511-810C28AC05E2}.Debug|Any CPU.ActiveCfg = Debug|Any CPU
		{C2F3FB7E-B249-41D7-9511-810C28AC05E2}.Debug|Any CPU.Build.0 = Debug|Any CPU
		{C2F3FB7E-B249-41D7-9511-810C28AC05E2}.Release|Any CPU.ActiveCfg = Release|Any CPU
		{C2F3FB7E-B249-41D7-9511-810C28AC05E2}.Release|Any CPU.Build.0 = Release|Any CPU
	EndGlobalSection
	GlobalSection(SolutionProperties) = preSolution
		HideSolutionNode = FALSE
	EndGlobalSection
	GlobalSection(ExtensibilityGlobals) = postSolution
		SolutionGuid = {A2E753CC-35A5-4BE9-A2EE-7B1043DAF7BF}
	EndGlobalSection
EndGlobal
